// !$*UTF8*$!
{
	archiveVersion = 1;
	classes = {
	};
	objectVersion = 46;
	objects = {

/* Begin PBXBuildFile section */
		009447F8496295A349F213DA /* libPods-MoviesProjectTests.a in Frameworks */ = {isa = PBXBuildFile; fileRef = ACCF807691C04F7DCB4AB119 /* libPods-MoviesProjectTests.a */; };
		2A1C06D61F65C0B000BB87A3 /* Launch.jpg in Resources */ = {isa = PBXBuildFile; fileRef = 2A1C06D51F65C0B000BB87A3 /* Launch.jpg */; };
		2A1C06D81F65C43600BB87A3 /* background.jpg in Resources */ = {isa = PBXBuildFile; fileRef = 2A1C06D71F65C43600BB87A3 /* background.jpg */; };
		2AEB3AEB1F64DBA100DE09D6 /* TableViewController.m in Sources */ = {isa = PBXBuildFile; fileRef = 2AEB3AEA1F64DBA100DE09D6 /* TableViewController.m */; };
		2AEB3AF31F64DE4600DE09D6 /* Movie.m in Sources */ = {isa = PBXBuildFile; fileRef = 2AEB3AF21F64DE4600DE09D6 /* Movie.m */; };
		305A582481595DEFD93F9B35 /* libPods-MoviesProjectUITests.a in Frameworks */ = {isa = PBXBuildFile; fileRef = 33640313FCC2DA59D493A713 /* libPods-MoviesProjectUITests.a */; };
		3658A6770822AE4BD327BDB1 /* libPods-MoviesProject.a in Frameworks */ = {isa = PBXBuildFile; fileRef = FDBA2E1587C2A42DCEF361DA /* libPods-MoviesProject.a */; };
		4E75E8161F65DF8600CB76FC /* MoviesDatabase.m in Sources */ = {isa = PBXBuildFile; fileRef = 4E75E8151F65DF8600CB76FC /* MoviesDatabase.m */; };
		4E814EBC1F63E7FB0025AF0A /* main.m in Sources */ = {isa = PBXBuildFile; fileRef = 4E814EBB1F63E7FB0025AF0A /* main.m */; };
		4E814EBF1F63E7FB0025AF0A /* AppDelegate.m in Sources */ = {isa = PBXBuildFile; fileRef = 4E814EBE1F63E7FB0025AF0A /* AppDelegate.m */; };
		4E814EC21F63E7FB0025AF0A /* ViewController.m in Sources */ = {isa = PBXBuildFile; fileRef = 4E814EC11F63E7FB0025AF0A /* ViewController.m */; };
		4E814EC71F63E7FB0025AF0A /* Assets.xcassets in Resources */ = {isa = PBXBuildFile; fileRef = 4E814EC61F63E7FB0025AF0A /* Assets.xcassets */; };
		4E814ECA1F63E7FB0025AF0A /* LaunchScreen.storyboard in Resources */ = {isa = PBXBuildFile; fileRef = 4E814EC81F63E7FB0025AF0A /* LaunchScreen.storyboard */; };
		4E814ED51F63E7FB0025AF0A /* MoviesProjectTests.m in Sources */ = {isa = PBXBuildFile; fileRef = 4E814ED41F63E7FB0025AF0A /* MoviesProjectTests.m */; };
		4E814EE01F63E7FB0025AF0A /* MoviesProjectUITests.m in Sources */ = {isa = PBXBuildFile; fileRef = 4E814EDF1F63E7FB0025AF0A /* MoviesProjectUITests.m */; };
		4E814EEF1F63E80F0025AF0A /* libsqlite3.tbd in Frameworks */ = {isa = PBXBuildFile; fileRef = 4E814EEE1F63E80F0025AF0A /* libsqlite3.tbd */; };
		D71010F41F6492CF0063053F /* Icon.png in Resources */ = {isa = PBXBuildFile; fileRef = D71010F31F6492CF0063053F /* Icon.png */; };
		D71010F71F64A37F0063053F /* SignUpViewController.m in Sources */ = {isa = PBXBuildFile; fileRef = D71010F61F64A37F0063053F /* SignUpViewController.m */; };
		D7A456041F64097C005BCC32 /* Main.storyboard in Resources */ = {isa = PBXBuildFile; fileRef = D7A456031F64097C005BCC32 /* Main.storyboard */; };
/* End PBXBuildFile section */

/* Begin PBXContainerItemProxy section */
		4E814ED11F63E7FB0025AF0A /* PBXContainerItemProxy */ = {
			isa = PBXContainerItemProxy;
			containerPortal = 4E814EAF1F63E7FB0025AF0A /* Project object */;
			proxyType = 1;
			remoteGlobalIDString = 4E814EB61F63E7FB0025AF0A;
			remoteInfo = MoviesProject;
		};
		4E814EDC1F63E7FB0025AF0A /* PBXContainerItemProxy */ = {
			isa = PBXContainerItemProxy;
			containerPortal = 4E814EAF1F63E7FB0025AF0A /* Project object */;
			proxyType = 1;
			remoteGlobalIDString = 4E814EB61F63E7FB0025AF0A;
			remoteInfo = MoviesProject;
		};
/* End PBXContainerItemProxy section */

/* Begin PBXFileReference section */
		2A1C06D51F65C0B000BB87A3 /* Launch.jpg */ = {isa = PBXFileReference; lastKnownFileType = image.jpeg; path = Launch.jpg; sourceTree = "<group>"; };
		2A1C06D71F65C43600BB87A3 /* background.jpg */ = {isa = PBXFileReference; lastKnownFileType = image.jpeg; path = background.jpg; sourceTree = "<group>"; };
		2AEB3AE91F64DBA100DE09D6 /* TableViewController.h */ = {isa = PBXFileReference; fileEncoding = 4; lastKnownFileType = sourcecode.c.h; path = TableViewController.h; sourceTree = "<group>"; };
		2AEB3AEA1F64DBA100DE09D6 /* TableViewController.m */ = {isa = PBXFileReference; fileEncoding = 4; lastKnownFileType = sourcecode.c.objc; path = TableViewController.m; sourceTree = "<group>"; };
		2AEB3AF11F64DE4600DE09D6 /* Movie.h */ = {isa = PBXFileReference; fileEncoding = 4; lastKnownFileType = sourcecode.c.h; path = Movie.h; sourceTree = "<group>"; };
		2AEB3AF21F64DE4600DE09D6 /* Movie.m */ = {isa = PBXFileReference; fileEncoding = 4; lastKnownFileType = sourcecode.c.objc; path = Movie.m; sourceTree = "<group>"; };
		30F8D3AC9FE403C740823F7C /* Pods-MoviesProject.debug.xcconfig */ = {isa = PBXFileReference; includeInIndex = 1; lastKnownFileType = text.xcconfig; name = "Pods-MoviesProject.debug.xcconfig"; path = "Pods/Target Support Files/Pods-MoviesProject/Pods-MoviesProject.debug.xcconfig"; sourceTree = "<group>"; };
		33640313FCC2DA59D493A713 /* libPods-MoviesProjectUITests.a */ = {isa = PBXFileReference; explicitFileType = archive.ar; includeInIndex = 0; path = "libPods-MoviesProjectUITests.a"; sourceTree = BUILT_PRODUCTS_DIR; };
		4E75E8141F65DF8600CB76FC /* MoviesDatabase.h */ = {isa = PBXFileReference; fileEncoding = 4; lastKnownFileType = sourcecode.c.h; path = MoviesDatabase.h; sourceTree = "<group>"; };
		4E75E8151F65DF8600CB76FC /* MoviesDatabase.m */ = {isa = PBXFileReference; fileEncoding = 4; lastKnownFileType = sourcecode.c.objc; path = MoviesDatabase.m; sourceTree = "<group>"; };
		4E814EB71F63E7FB0025AF0A /* MoviesProject.app */ = {isa = PBXFileReference; explicitFileType = wrapper.application; includeInIndex = 0; path = MoviesProject.app; sourceTree = BUILT_PRODUCTS_DIR; };
		4E814EBB1F63E7FB0025AF0A /* main.m */ = {isa = PBXFileReference; lastKnownFileType = sourcecode.c.objc; path = main.m; sourceTree = "<group>"; };
		4E814EBD1F63E7FB0025AF0A /* AppDelegate.h */ = {isa = PBXFileReference; lastKnownFileType = sourcecode.c.h; path = AppDelegate.h; sourceTree = "<group>"; };
		4E814EBE1F63E7FB0025AF0A /* AppDelegate.m */ = {isa = PBXFileReference; lastKnownFileType = sourcecode.c.objc; path = AppDelegate.m; sourceTree = "<group>"; };
		4E814EC01F63E7FB0025AF0A /* ViewController.h */ = {isa = PBXFileReference; lastKnownFileType = sourcecode.c.h; path = ViewController.h; sourceTree = "<group>"; };
		4E814EC11F63E7FB0025AF0A /* ViewController.m */ = {isa = PBXFileReference; lastKnownFileType = sourcecode.c.objc; path = ViewController.m; sourceTree = "<group>"; };
		4E814EC61F63E7FB0025AF0A /* Assets.xcassets */ = {isa = PBXFileReference; lastKnownFileType = folder.assetcatalog; path = Assets.xcassets; sourceTree = "<group>"; };
		4E814EC91F63E7FB0025AF0A /* Base */ = {isa = PBXFileReference; lastKnownFileType = file.storyboard; name = Base; path = Base.lproj/LaunchScreen.storyboard; sourceTree = "<group>"; };
		4E814ECB1F63E7FB0025AF0A /* Info.plist */ = {isa = PBXFileReference; lastKnownFileType = text.plist.xml; path = Info.plist; sourceTree = "<group>"; };
		4E814ED01F63E7FB0025AF0A /* MoviesProjectTests.xctest */ = {isa = PBXFileReference; explicitFileType = wrapper.cfbundle; includeInIndex = 0; path = MoviesProjectTests.xctest; sourceTree = BUILT_PRODUCTS_DIR; };
		4E814ED41F63E7FB0025AF0A /* MoviesProjectTests.m */ = {isa = PBXFileReference; lastKnownFileType = sourcecode.c.objc; path = MoviesProjectTests.m; sourceTree = "<group>"; };
		4E814ED61F63E7FB0025AF0A /* Info.plist */ = {isa = PBXFileReference; lastKnownFileType = text.plist.xml; path = Info.plist; sourceTree = "<group>"; };
		4E814EDB1F63E7FB0025AF0A /* MoviesProjectUITests.xctest */ = {isa = PBXFileReference; explicitFileType = wrapper.cfbundle; includeInIndex = 0; path = MoviesProjectUITests.xctest; sourceTree = BUILT_PRODUCTS_DIR; };
		4E814EDF1F63E7FB0025AF0A /* MoviesProjectUITests.m */ = {isa = PBXFileReference; lastKnownFileType = sourcecode.c.objc; path = MoviesProjectUITests.m; sourceTree = "<group>"; };
		4E814EE11F63E7FB0025AF0A /* Info.plist */ = {isa = PBXFileReference; lastKnownFileType = text.plist.xml; path = Info.plist; sourceTree = "<group>"; };
		4E814EEE1F63E80F0025AF0A /* libsqlite3.tbd */ = {isa = PBXFileReference; lastKnownFileType = "sourcecode.text-based-dylib-definition"; name = libsqlite3.tbd; path = usr/lib/libsqlite3.tbd; sourceTree = SDKROOT; };
		7ACB45DD2D52A69932A7D746 /* Pods-MoviesProjectTests.debug.xcconfig */ = {isa = PBXFileReference; includeInIndex = 1; lastKnownFileType = text.xcconfig; name = "Pods-MoviesProjectTests.debug.xcconfig"; path = "Pods/Target Support Files/Pods-MoviesProjectTests/Pods-MoviesProjectTests.debug.xcconfig"; sourceTree = "<group>"; };
		883DB17B87F259D0C044EE1A /* Pods-MoviesProjectTests.release.xcconfig */ = {isa = PBXFileReference; includeInIndex = 1; lastKnownFileType = text.xcconfig; name = "Pods-MoviesProjectTests.release.xcconfig"; path = "Pods/Target Support Files/Pods-MoviesProjectTests/Pods-MoviesProjectTests.release.xcconfig"; sourceTree = "<group>"; };
		88FC7CC0D48A32A2D78348DF /* Pods-MoviesProjectUITests.debug.xcconfig */ = {isa = PBXFileReference; includeInIndex = 1; lastKnownFileType = text.xcconfig; name = "Pods-MoviesProjectUITests.debug.xcconfig"; path = "Pods/Target Support Files/Pods-MoviesProjectUITests/Pods-MoviesProjectUITests.debug.xcconfig"; sourceTree = "<group>"; };
		ACCF807691C04F7DCB4AB119 /* libPods-MoviesProjectTests.a */ = {isa = PBXFileReference; explicitFileType = archive.ar; includeInIndex = 0; path = "libPods-MoviesProjectTests.a"; sourceTree = BUILT_PRODUCTS_DIR; };
		C3B84CB696BDB2DB1447B577 /* Pods-MoviesProjectUITests.release.xcconfig */ = {isa = PBXFileReference; includeInIndex = 1; lastKnownFileType = text.xcconfig; name = "Pods-MoviesProjectUITests.release.xcconfig"; path = "Pods/Target Support Files/Pods-MoviesProjectUITests/Pods-MoviesProjectUITests.release.xcconfig"; sourceTree = "<group>"; };
		D0A125ABC97C4B039DA1B3DE /* Pods-MoviesProject.release.xcconfig */ = {isa = PBXFileReference; includeInIndex = 1; lastKnownFileType = text.xcconfig; name = "Pods-MoviesProject.release.xcconfig"; path = "Pods/Target Support Files/Pods-MoviesProject/Pods-MoviesProject.release.xcconfig"; sourceTree = "<group>"; };
		D71010F31F6492CF0063053F /* Icon.png */ = {isa = PBXFileReference; lastKnownFileType = image.png; path = Icon.png; sourceTree = "<group>"; };
		D71010F51F64A37F0063053F /* SignUpViewController.h */ = {isa = PBXFileReference; fileEncoding = 4; lastKnownFileType = sourcecode.c.h; path = SignUpViewController.h; sourceTree = "<group>"; };
		D71010F61F64A37F0063053F /* SignUpViewController.m */ = {isa = PBXFileReference; fileEncoding = 4; lastKnownFileType = sourcecode.c.objc; path = SignUpViewController.m; sourceTree = "<group>"; };
		D7A456031F64097C005BCC32 /* Main.storyboard */ = {isa = PBXFileReference; fileEncoding = 4; lastKnownFileType = file.storyboard; path = Main.storyboard; sourceTree = "<group>"; };
		FDBA2E1587C2A42DCEF361DA /* libPods-MoviesProject.a */ = {isa = PBXFileReference; explicitFileType = archive.ar; includeInIndex = 0; path = "libPods-MoviesProject.a"; sourceTree = BUILT_PRODUCTS_DIR; };
/* End PBXFileReference section */

/* Begin PBXFrameworksBuildPhase section */
		4E814EB41F63E7FB0025AF0A /* Frameworks */ = {
			isa = PBXFrameworksBuildPhase;
			buildActionMask = 2147483647;
			files = (
				4E814EEF1F63E80F0025AF0A /* libsqlite3.tbd in Frameworks */,
				3658A6770822AE4BD327BDB1 /* libPods-MoviesProject.a in Frameworks */,
			);
			runOnlyForDeploymentPostprocessing = 0;
		};
		4E814ECD1F63E7FB0025AF0A /* Frameworks */ = {
			isa = PBXFrameworksBuildPhase;
			buildActionMask = 2147483647;
			files = (
				009447F8496295A349F213DA /* libPods-MoviesProjectTests.a in Frameworks */,
			);
			runOnlyForDeploymentPostprocessing = 0;
		};
		4E814ED81F63E7FB0025AF0A /* Frameworks */ = {
			isa = PBXFrameworksBuildPhase;
			buildActionMask = 2147483647;
			files = (
				305A582481595DEFD93F9B35 /* libPods-MoviesProjectUITests.a in Frameworks */,
			);
			runOnlyForDeploymentPostprocessing = 0;
		};
/* End PBXFrameworksBuildPhase section */

/* Begin PBXGroup section */
		19F37D047E07C0A72482D3B8 /* Pods */ = {
			isa = PBXGroup;
			children = (
				30F8D3AC9FE403C740823F7C /* Pods-MoviesProject.debug.xcconfig */,
				D0A125ABC97C4B039DA1B3DE /* Pods-MoviesProject.release.xcconfig */,
				7ACB45DD2D52A69932A7D746 /* Pods-MoviesProjectTests.debug.xcconfig */,
				883DB17B87F259D0C044EE1A /* Pods-MoviesProjectTests.release.xcconfig */,
				88FC7CC0D48A32A2D78348DF /* Pods-MoviesProjectUITests.debug.xcconfig */,
				C3B84CB696BDB2DB1447B577 /* Pods-MoviesProjectUITests.release.xcconfig */,
			);
			name = Pods;
			sourceTree = "<group>";
		};
		2AEB3AEE1F64DD4000DE09D6 /* TableViewController */ = {
			isa = PBXGroup;
			children = (
				2AEB3AE91F64DBA100DE09D6 /* TableViewController.h */,
				2AEB3AEA1F64DBA100DE09D6 /* TableViewController.m */,
				2AEB3AF11F64DE4600DE09D6 /* Movie.h */,
				2AEB3AF21F64DE4600DE09D6 /* Movie.m */,
			);
			name = TableViewController;
			sourceTree = "<group>";
		};
		4E75E8131F65DECF00CB76FC /* MoviesDatabase */ = {
			isa = PBXGroup;
			children = (
				4E75E8141F65DF8600CB76FC /* MoviesDatabase.h */,
				4E75E8151F65DF8600CB76FC /* MoviesDatabase.m */,
			);
			name = MoviesDatabase;
			sourceTree = "<group>";
		};
		4E814EAE1F63E7FB0025AF0A = {
			isa = PBXGroup;
			children = (
				2A1C06D71F65C43600BB87A3 /* background.jpg */,
				2A1C06D51F65C0B000BB87A3 /* Launch.jpg */,
				D71010F31F6492CF0063053F /* Icon.png */,
				4E814EB91F63E7FB0025AF0A /* MoviesProject */,
				4E814ED31F63E7FB0025AF0A /* MoviesProjectTests */,
				4E814EDE1F63E7FB0025AF0A /* MoviesProjectUITests */,
				4E814EB81F63E7FB0025AF0A /* Products */,
				4E814EED1F63E80F0025AF0A /* Frameworks */,
				19F37D047E07C0A72482D3B8 /* Pods */,
			);
			sourceTree = "<group>";
		};
		4E814EB81F63E7FB0025AF0A /* Products */ = {
			isa = PBXGroup;
			children = (
				4E814EB71F63E7FB0025AF0A /* MoviesProject.app */,
				4E814ED01F63E7FB0025AF0A /* MoviesProjectTests.xctest */,
				4E814EDB1F63E7FB0025AF0A /* MoviesProjectUITests.xctest */,
			);
			name = Products;
			sourceTree = "<group>";
		};
		4E814EB91F63E7FB0025AF0A /* MoviesProject */ = {
			isa = PBXGroup;
			children = (
				4E814EBD1F63E7FB0025AF0A /* AppDelegate.h */,
				4E814EBE1F63E7FB0025AF0A /* AppDelegate.m */,
				4E814EC01F63E7FB0025AF0A /* ViewController.h */,
				4E814EC11F63E7FB0025AF0A /* ViewController.m */,
				D7A456031F64097C005BCC32 /* Main.storyboard */,
				4E814EC61F63E7FB0025AF0A /* Assets.xcassets */,
				4E814EC81F63E7FB0025AF0A /* LaunchScreen.storyboard */,
				4E814ECB1F63E7FB0025AF0A /* Info.plist */,
				4E814EBA1F63E7FB0025AF0A /* Supporting Files */,
			);
			path = MoviesProject;
			sourceTree = "<group>";
		};
		4E814EBA1F63E7FB0025AF0A /* Supporting Files */ = {
			isa = PBXGroup;
			children = (
				4E75E8131F65DECF00CB76FC /* MoviesDatabase */,
				D71010F51F64A37F0063053F /* SignUpViewController.h */,
				D71010F61F64A37F0063053F /* SignUpViewController.m */,
				2AEB3AEE1F64DD4000DE09D6 /* TableViewController */,
				4E814EBB1F63E7FB0025AF0A /* main.m */,
			);
			name = "Supporting Files";
			sourceTree = "<group>";
		};
		4E814ED31F63E7FB0025AF0A /* MoviesProjectTests */ = {
			isa = PBXGroup;
			children = (
				4E814ED41F63E7FB0025AF0A /* MoviesProjectTests.m */,
				4E814ED61F63E7FB0025AF0A /* Info.plist */,
			);
			path = MoviesProjectTests;
			sourceTree = "<group>";
		};
		4E814EDE1F63E7FB0025AF0A /* MoviesProjectUITests */ = {
			isa = PBXGroup;
			children = (
				4E814EDF1F63E7FB0025AF0A /* MoviesProjectUITests.m */,
				4E814EE11F63E7FB0025AF0A /* Info.plist */,
			);
			path = MoviesProjectUITests;
			sourceTree = "<group>";
		};
		4E814EED1F63E80F0025AF0A /* Frameworks */ = {
			isa = PBXGroup;
			children = (
				4E814EEE1F63E80F0025AF0A /* libsqlite3.tbd */,
				FDBA2E1587C2A42DCEF361DA /* libPods-MoviesProject.a */,
				ACCF807691C04F7DCB4AB119 /* libPods-MoviesProjectTests.a */,
				33640313FCC2DA59D493A713 /* libPods-MoviesProjectUITests.a */,
			);
			name = Frameworks;
			sourceTree = "<group>";
		};
/* End PBXGroup section */

/* Begin PBXNativeTarget section */
		4E814EB61F63E7FB0025AF0A /* MoviesProject */ = {
			isa = PBXNativeTarget;
			buildConfigurationList = 4E814EE41F63E7FB0025AF0A /* Build configuration list for PBXNativeTarget "MoviesProject" */;
			buildPhases = (
				B43540A75250E95D19409AD6 /* [CP] Check Pods Manifest.lock */,
				4E814EB31F63E7FB0025AF0A /* Sources */,
				4E814EB41F63E7FB0025AF0A /* Frameworks */,
				4E814EB51F63E7FB0025AF0A /* Resources */,
				9BBDB8F43C0C5D93A58FABCF /* [CP] Embed Pods Frameworks */,
				AF0474A2AE473670BAF864C7 /* [CP] Copy Pods Resources */,
			);
			buildRules = (
			);
			dependencies = (
			);
			name = MoviesProject;
			productName = MoviesProject;
			productReference = 4E814EB71F63E7FB0025AF0A /* MoviesProject.app */;
			productType = "com.apple.product-type.application";
		};
		4E814ECF1F63E7FB0025AF0A /* MoviesProjectTests */ = {
			isa = PBXNativeTarget;
			buildConfigurationList = 4E814EE71F63E7FB0025AF0A /* Build configuration list for PBXNativeTarget "MoviesProjectTests" */;
			buildPhases = (
				5CA63AC0E9557111759909E4 /* [CP] Check Pods Manifest.lock */,
				4E814ECC1F63E7FB0025AF0A /* Sources */,
				4E814ECD1F63E7FB0025AF0A /* Frameworks */,
				4E814ECE1F63E7FB0025AF0A /* Resources */,
				2D31411CCBC3588D27168F5C /* [CP] Embed Pods Frameworks */,
				D32C8DD22BAC3072F15F6AF4 /* [CP] Copy Pods Resources */,
			);
			buildRules = (
			);
			dependencies = (
				4E814ED21F63E7FB0025AF0A /* PBXTargetDependency */,
			);
			name = MoviesProjectTests;
			productName = MoviesProjectTests;
			productReference = 4E814ED01F63E7FB0025AF0A /* MoviesProjectTests.xctest */;
			productType = "com.apple.product-type.bundle.unit-test";
		};
		4E814EDA1F63E7FB0025AF0A /* MoviesProjectUITests */ = {
			isa = PBXNativeTarget;
			buildConfigurationList = 4E814EEA1F63E7FB0025AF0A /* Build configuration list for PBXNativeTarget "MoviesProjectUITests" */;
			buildPhases = (
				B0B148BDEE6BACDBD4A8433B /* [CP] Check Pods Manifest.lock */,
				4E814ED71F63E7FB0025AF0A /* Sources */,
				4E814ED81F63E7FB0025AF0A /* Frameworks */,
				4E814ED91F63E7FB0025AF0A /* Resources */,
				D937DEC327F669CE940DCF37 /* [CP] Embed Pods Frameworks */,
				9D9FAE684CE55602D830E766 /* [CP] Copy Pods Resources */,
			);
			buildRules = (
			);
			dependencies = (
				4E814EDD1F63E7FB0025AF0A /* PBXTargetDependency */,
			);
			name = MoviesProjectUITests;
			productName = MoviesProjectUITests;
			productReference = 4E814EDB1F63E7FB0025AF0A /* MoviesProjectUITests.xctest */;
			productType = "com.apple.product-type.bundle.ui-testing";
		};
/* End PBXNativeTarget section */

/* Begin PBXProject section */
		4E814EAF1F63E7FB0025AF0A /* Project object */ = {
			isa = PBXProject;
			attributes = {
				LastUpgradeCheck = 0830;
				ORGANIZATIONNAME = "Moussa Elenany";
				TargetAttributes = {
					4E814EB61F63E7FB0025AF0A = {
						CreatedOnToolsVersion = 8.3.3;
						ProvisioningStyle = Automatic;
					};
					4E814ECF1F63E7FB0025AF0A = {
						CreatedOnToolsVersion = 8.3.3;
						ProvisioningStyle = Automatic;
						TestTargetID = 4E814EB61F63E7FB0025AF0A;
					};
					4E814EDA1F63E7FB0025AF0A = {
						CreatedOnToolsVersion = 8.3.3;
						ProvisioningStyle = Automatic;
						TestTargetID = 4E814EB61F63E7FB0025AF0A;
					};
				};
			};
			buildConfigurationList = 4E814EB21F63E7FB0025AF0A /* Build configuration list for PBXProject "MoviesProject" */;
			compatibilityVersion = "Xcode 3.2";
			developmentRegion = English;
			hasScannedForEncodings = 0;
			knownRegions = (
				en,
				Base,
			);
			mainGroup = 4E814EAE1F63E7FB0025AF0A;
			productRefGroup = 4E814EB81F63E7FB0025AF0A /* Products */;
			projectDirPath = "";
			projectRoot = "";
			targets = (
				4E814EB61F63E7FB0025AF0A /* MoviesProject */,
				4E814ECF1F63E7FB0025AF0A /* MoviesProjectTests */,
				4E814EDA1F63E7FB0025AF0A /* MoviesProjectUITests */,
			);
		};
/* End PBXProject section */

/* Begin PBXResourcesBuildPhase section */
		4E814EB51F63E7FB0025AF0A /* Resources */ = {
			isa = PBXResourcesBuildPhase;
			buildActionMask = 2147483647;
			files = (
				D7A456041F64097C005BCC32 /* Main.storyboard in Resources */,
				D71010F41F6492CF0063053F /* Icon.png in Resources */,
				4E814ECA1F63E7FB0025AF0A /* LaunchScreen.storyboard in Resources */,
				2A1C06D61F65C0B000BB87A3 /* Launch.jpg in Resources */,
				4E814EC71F63E7FB0025AF0A /* Assets.xcassets in Resources */,
				2A1C06D81F65C43600BB87A3 /* background.jpg in Resources */,
			);
			runOnlyForDeploymentPostprocessing = 0;
		};
		4E814ECE1F63E7FB0025AF0A /* Resources */ = {
			isa = PBXResourcesBuildPhase;
			buildActionMask = 2147483647;
			files = (
			);
			runOnlyForDeploymentPostprocessing = 0;
		};
		4E814ED91F63E7FB0025AF0A /* Resources */ = {
			isa = PBXResourcesBuildPhase;
			buildActionMask = 2147483647;
			files = (
			);
			runOnlyForDeploymentPostprocessing = 0;
		};
/* End PBXResourcesBuildPhase section */

/* Begin PBXShellScriptBuildPhase section */
		2D31411CCBC3588D27168F5C /* [CP] Embed Pods Frameworks */ = {
			isa = PBXShellScriptBuildPhase;
			buildActionMask = 2147483647;
			files = (
			);
			inputPaths = (
			);
			name = "[CP] Embed Pods Frameworks";
			outputPaths = (
			);
			runOnlyForDeploymentPostprocessing = 0;
			shellPath = /bin/sh;
			shellScript = "\"${SRCROOT}/Pods/Target Support Files/Pods-MoviesProjectTests/Pods-MoviesProjectTests-frameworks.sh\"\n";
			showEnvVarsInLog = 0;
		};
		5CA63AC0E9557111759909E4 /* [CP] Check Pods Manifest.lock */ = {
			isa = PBXShellScriptBuildPhase;
			buildActionMask = 2147483647;
			files = (
			);
			inputPaths = (
				"${PODS_PODFILE_DIR_PATH}/Podfile.lock",
				"${PODS_ROOT}/Manifest.lock",
			);
			name = "[CP] Check Pods Manifest.lock";
			outputPaths = (
				"$(DERIVED_FILE_DIR)/Pods-MoviesProjectTests-checkManifestLockResult.txt",
			);
			runOnlyForDeploymentPostprocessing = 0;
			shellPath = /bin/sh;
			shellScript = "diff \"${PODS_PODFILE_DIR_PATH}/Podfile.lock\" \"${PODS_ROOT}/Manifest.lock\" > /dev/null\nif [ $? != 0 ] ; then\n    # print error to STDERR\n    echo \"error: The sandbox is not in sync with the Podfile.lock. Run 'pod install' or update your CocoaPods installation.\" >&2\n    exit 1\nfi\n# This output is used by Xcode 'outputs' to avoid re-running this script phase.\necho \"SUCCESS\" > \"${SCRIPT_OUTPUT_FILE_0}\"\n";
			showEnvVarsInLog = 0;
		};
		9BBDB8F43C0C5D93A58FABCF /* [CP] Embed Pods Frameworks */ = {
			isa = PBXShellScriptBuildPhase;
			buildActionMask = 2147483647;
			files = (
			);
			inputPaths = (
			);
			name = "[CP] Embed Pods Frameworks";
			outputPaths = (
			);
			runOnlyForDeploymentPostprocessing = 0;
			shellPath = /bin/sh;
			shellScript = "\"${SRCROOT}/Pods/Target Support Files/Pods-MoviesProject/Pods-MoviesProject-frameworks.sh\"\n";
			showEnvVarsInLog = 0;
		};
		9D9FAE684CE55602D830E766 /* [CP] Copy Pods Resources */ = {
			isa = PBXShellScriptBuildPhase;
			buildActionMask = 2147483647;
			files = (
			);
			inputPaths = (
			);
			name = "[CP] Copy Pods Resources";
			outputPaths = (
			);
			runOnlyForDeploymentPostprocessing = 0;
			shellPath = /bin/sh;
			shellScript = "\"${SRCROOT}/Pods/Target Support Files/Pods-MoviesProjectUITests/Pods-MoviesProjectUITests-resources.sh\"\n";
			showEnvVarsInLog = 0;
		};
		AF0474A2AE473670BAF864C7 /* [CP] Copy Pods Resources */ = {
			isa = PBXShellScriptBuildPhase;
			buildActionMask = 2147483647;
			files = (
			);
			inputPaths = (
			);
			name = "[CP] Copy Pods Resources";
			outputPaths = (
			);
			runOnlyForDeploymentPostprocessing = 0;
			shellPath = /bin/sh;
			shellScript = "\"${SRCROOT}/Pods/Target Support Files/Pods-MoviesProject/Pods-MoviesProject-resources.sh\"\n";
			showEnvVarsInLog = 0;
		};
		B0B148BDEE6BACDBD4A8433B /* [CP] Check Pods Manifest.lock */ = {
			isa = PBXShellScriptBuildPhase;
			buildActionMask = 2147483647;
			files = (
			);
			inputPaths = (
				"${PODS_PODFILE_DIR_PATH}/Podfile.lock",
				"${PODS_ROOT}/Manifest.lock",
			);
			name = "[CP] Check Pods Manifest.lock";
			outputPaths = (
				"$(DERIVED_FILE_DIR)/Pods-MoviesProjectUITests-checkManifestLockResult.txt",
			);
			runOnlyForDeploymentPostprocessing = 0;
			shellPath = /bin/sh;
			shellScript = "diff \"${PODS_PODFILE_DIR_PATH}/Podfile.lock\" \"${PODS_ROOT}/Manifest.lock\" > /dev/null\nif [ $? != 0 ] ; then\n    # print error to STDERR\n    echo \"error: The sandbox is not in sync with the Podfile.lock. Run 'pod install' or update your CocoaPods installation.\" >&2\n    exit 1\nfi\n# This output is used by Xcode 'outputs' to avoid re-running this script phase.\necho \"SUCCESS\" > \"${SCRIPT_OUTPUT_FILE_0}\"\n";
			showEnvVarsInLog = 0;
		};
		B43540A75250E95D19409AD6 /* [CP] Check Pods Manifest.lock */ = {
			isa = PBXShellScriptBuildPhase;
			buildActionMask = 2147483647;
			files = (
			);
			inputPaths = (
				"${PODS_PODFILE_DIR_PATH}/Podfile.lock",
				"${PODS_ROOT}/Manifest.lock",
			);
			name = "[CP] Check Pods Manifest.lock";
			outputPaths = (
				"$(DERIVED_FILE_DIR)/Pods-MoviesProject-checkManifestLockResult.txt",
			);
			runOnlyForDeploymentPostprocessing = 0;
			shellPath = /bin/sh;
			shellScript = "diff \"${PODS_PODFILE_DIR_PATH}/Podfile.lock\" \"${PODS_ROOT}/Manifest.lock\" > /dev/null\nif [ $? != 0 ] ; then\n    # print error to STDERR\n    echo \"error: The sandbox is not in sync with the Podfile.lock. Run 'pod install' or update your CocoaPods installation.\" >&2\n    exit 1\nfi\n# This output is used by Xcode 'outputs' to avoid re-running this script phase.\necho \"SUCCESS\" > \"${SCRIPT_OUTPUT_FILE_0}\"\n";
			showEnvVarsInLog = 0;
		};
		D32C8DD22BAC3072F15F6AF4 /* [CP] Copy Pods Resources */ = {
			isa = PBXShellScriptBuildPhase;
			buildActionMask = 2147483647;
			files = (
			);
			inputPaths = (
			);
			name = "[CP] Copy Pods Resources";
			outputPaths = (
			);
			runOnlyForDeploymentPostprocessing = 0;
			shellPath = /bin/sh;
			shellScript = "\"${SRCROOT}/Pods/Target Support Files/Pods-MoviesProjectTests/Pods-MoviesProjectTests-resources.sh\"\n";
			showEnvVarsInLog = 0;
		};
		D937DEC327F669CE940DCF37 /* [CP] Embed Pods Frameworks */ = {
			isa = PBXShellScriptBuildPhase;
			buildActionMask = 2147483647;
			files = (
			);
			inputPaths = (
			);
			name = "[CP] Embed Pods Frameworks";
			outputPaths = (
			);
			runOnlyForDeploymentPostprocessing = 0;
			shellPath = /bin/sh;
			shellScript = "\"${SRCROOT}/Pods/Target Support Files/Pods-MoviesProjectUITests/Pods-MoviesProjectUITests-frameworks.sh\"\n";
			showEnvVarsInLog = 0;
		};
/* End PBXShellScriptBuildPhase section */

/* Begin PBXSourcesBuildPhase section */
		4E814EB31F63E7FB0025AF0A /* Sources */ = {
			isa = PBXSourcesBuildPhase;
			buildActionMask = 2147483647;
			files = (
				4E75E8161F65DF8600CB76FC /* MoviesDatabase.m in Sources */,
				2AEB3AF31F64DE4600DE09D6 /* Movie.m in Sources */,
				4E814EC21F63E7FB0025AF0A /* ViewController.m in Sources */,
				4E814EBF1F63E7FB0025AF0A /* AppDelegate.m in Sources */,
				D71010F71F64A37F0063053F /* SignUpViewController.m in Sources */,
				4E814EBC1F63E7FB0025AF0A /* main.m in Sources */,
				2AEB3AEB1F64DBA100DE09D6 /* TableViewController.m in Sources */,
			);
			runOnlyForDeploymentPostprocessing = 0;
		};
		4E814ECC1F63E7FB0025AF0A /* Sources */ = {
			isa = PBXSourcesBuildPhase;
			buildActionMask = 2147483647;
			files = (
				4E814ED51F63E7FB0025AF0A /* MoviesProjectTests.m in Sources */,
			);
			runOnlyForDeploymentPostprocessing = 0;
		};
		4E814ED71F63E7FB0025AF0A /* Sources */ = {
			isa = PBXSourcesBuildPhase;
			buildActionMask = 2147483647;
			files = (
				4E814EE01F63E7FB0025AF0A /* MoviesProjectUITests.m in Sources */,
			);
			runOnlyForDeploymentPostprocessing = 0;
		};
/* End PBXSourcesBuildPhase section */

/* Begin PBXTargetDependency section */
		4E814ED21F63E7FB0025AF0A /* PBXTargetDependency */ = {
			isa = PBXTargetDependency;
			target = 4E814EB61F63E7FB0025AF0A /* MoviesProject */;
			targetProxy = 4E814ED11F63E7FB0025AF0A /* PBXContainerItemProxy */;
		};
		4E814EDD1F63E7FB0025AF0A /* PBXTargetDependency */ = {
			isa = PBXTargetDependency;
			target = 4E814EB61F63E7FB0025AF0A /* MoviesProject */;
			targetProxy = 4E814EDC1F63E7FB0025AF0A /* PBXContainerItemProxy */;
		};
/* End PBXTargetDependency section */

/* Begin PBXVariantGroup section */
		4E814EC81F63E7FB0025AF0A /* LaunchScreen.storyboard */ = {
			isa = PBXVariantGroup;
			children = (
				4E814EC91F63E7FB0025AF0A /* Base */,
			);
			name = LaunchScreen.storyboard;
			sourceTree = "<group>";
		};
/* End PBXVariantGroup section */

/* Begin XCBuildConfiguration section */
		4E814EE21F63E7FB0025AF0A /* Debug */ = {
			isa = XCBuildConfiguration;
			buildSettings = {
				ALWAYS_SEARCH_USER_PATHS = NO;
				CLANG_ANALYZER_NONNULL = YES;
				CLANG_ANALYZER_NUMBER_OBJECT_CONVERSION = YES_AGGRESSIVE;
				CLANG_CXX_LANGUAGE_STANDARD = "gnu++0x";
				CLANG_CXX_LIBRARY = "libc++";
				CLANG_ENABLE_MODULES = YES;
				CLANG_ENABLE_OBJC_ARC = YES;
				CLANG_WARN_BOOL_CONVERSION = YES;
				CLANG_WARN_CONSTANT_CONVERSION = YES;
				CLANG_WARN_DIRECT_OBJC_ISA_USAGE = YES_ERROR;
				CLANG_WARN_DOCUMENTATION_COMMENTS = YES;
				CLANG_WARN_EMPTY_BODY = YES;
				CLANG_WARN_ENUM_CONVERSION = YES;
				CLANG_WARN_INFINITE_RECURSION = YES;
				CLANG_WARN_INT_CONVERSION = YES;
				CLANG_WARN_OBJC_ROOT_CLASS = YES_ERROR;
				CLANG_WARN_SUSPICIOUS_MOVE = YES;
				CLANG_WARN_UNREACHABLE_CODE = YES;
				CLANG_WARN__DUPLICATE_METHOD_MATCH = YES;
				"CODE_SIGN_IDENTITY[sdk=iphoneos*]" = "iPhone Developer";
				COPY_PHASE_STRIP = NO;
				DEBUG_INFORMATION_FORMAT = dwarf;
				ENABLE_STRICT_OBJC_MSGSEND = YES;
				ENABLE_TESTABILITY = YES;
				GCC_C_LANGUAGE_STANDARD = gnu99;
				GCC_DYNAMIC_NO_PIC = NO;
				GCC_NO_COMMON_BLOCKS = YES;
				GCC_OPTIMIZATION_LEVEL = 0;
				GCC_PREPROCESSOR_DEFINITIONS = (
					"DEBUG=1",
					"$(inherited)",
				);
				GCC_WARN_64_TO_32_BIT_CONVERSION = YES;
				GCC_WARN_ABOUT_RETURN_TYPE = YES_ERROR;
				GCC_WARN_UNDECLARED_SELECTOR = YES;
				GCC_WARN_UNINITIALIZED_AUTOS = YES_AGGRESSIVE;
				GCC_WARN_UNUSED_FUNCTION = YES;
				GCC_WARN_UNUSED_VARIABLE = YES;
				IPHONEOS_DEPLOYMENT_TARGET = 10.3;
				MTL_ENABLE_DEBUG_INFO = YES;
				ONLY_ACTIVE_ARCH = YES;
				SDKROOT = iphoneos;
				TARGETED_DEVICE_FAMILY = "1,2";
			};
			name = Debug;
		};
		4E814EE31F63E7FB0025AF0A /* Release */ = {
			isa = XCBuildConfiguration;
			buildSettings = {
				ALWAYS_SEARCH_USER_PATHS = NO;
				CLANG_ANALYZER_NONNULL = YES;
				CLANG_ANALYZER_NUMBER_OBJECT_CONVERSION = YES_AGGRESSIVE;
				CLANG_CXX_LANGUAGE_STANDARD = "gnu++0x";
				CLANG_CXX_LIBRARY = "libc++";
				CLANG_ENABLE_MODULES = YES;
				CLANG_ENABLE_OBJC_ARC = YES;
				CLANG_WARN_BOOL_CONVERSION = YES;
				CLANG_WARN_CONSTANT_CONVERSION = YES;
				CLANG_WARN_DIRECT_OBJC_ISA_USAGE = YES_ERROR;
				CLANG_WARN_DOCUMENTATION_COMMENTS = YES;
				CLANG_WARN_EMPTY_BODY = YES;
				CLANG_WARN_ENUM_CONVERSION = YES;
				CLANG_WARN_INFINITE_RECURSION = YES;
				CLANG_WARN_INT_CONVERSION = YES;
				CLANG_WARN_OBJC_ROOT_CLASS = YES_ERROR;
				CLANG_WARN_SUSPICIOUS_MOVE = YES;
				CLANG_WARN_UNREACHABLE_CODE = YES;
				CLANG_WARN__DUPLICATE_METHOD_MATCH = YES;
				"CODE_SIGN_IDENTITY[sdk=iphoneos*]" = "iPhone Developer";
				COPY_PHASE_STRIP = NO;
				DEBUG_INFORMATION_FORMAT = "dwarf-with-dsym";
				ENABLE_NS_ASSERTIONS = NO;
				ENABLE_STRICT_OBJC_MSGSEND = YES;
				GCC_C_LANGUAGE_STANDARD = gnu99;
				GCC_NO_COMMON_BLOCKS = YES;
				GCC_WARN_64_TO_32_BIT_CONVERSION = YES;
				GCC_WARN_ABOUT_RETURN_TYPE = YES_ERROR;
				GCC_WARN_UNDECLARED_SELECTOR = YES;
				GCC_WARN_UNINITIALIZED_AUTOS = YES_AGGRESSIVE;
				GCC_WARN_UNUSED_FUNCTION = YES;
				GCC_WARN_UNUSED_VARIABLE = YES;
				IPHONEOS_DEPLOYMENT_TARGET = 10.3;
				MTL_ENABLE_DEBUG_INFO = NO;
				SDKROOT = iphoneos;
				TARGETED_DEVICE_FAMILY = "1,2";
				VALIDATE_PRODUCT = YES;
			};
			name = Release;
		};
		4E814EE51F63E7FB0025AF0A /* Debug */ = {
			isa = XCBuildConfiguration;
			baseConfigurationReference = 30F8D3AC9FE403C740823F7C /* Pods-MoviesProject.debug.xcconfig */;
			buildSettings = {
				ASSETCATALOG_COMPILER_APPICON_NAME = AppIcon;
				INFOPLIST_FILE = MoviesProject/Info.plist;
				LD_RUNPATH_SEARCH_PATHS = "$(inherited) @executable_path/Frameworks";
				PRODUCT_BUNDLE_IDENTIFIER = Iti.MoviesProject;
				PRODUCT_NAME = "$(TARGET_NAME)";
			};
			name = Debug;
		};
		4E814EE61F63E7FB0025AF0A /* Release */ = {
			isa = XCBuildConfiguration;
			baseConfigurationReference = D0A125ABC97C4B039DA1B3DE /* Pods-MoviesProject.release.xcconfig */;
			buildSettings = {
				ASSETCATALOG_COMPILER_APPICON_NAME = AppIcon;
				INFOPLIST_FILE = MoviesProject/Info.plist;
				LD_RUNPATH_SEARCH_PATHS = "$(inherited) @executable_path/Frameworks";
				PRODUCT_BUNDLE_IDENTIFIER = Iti.MoviesProject;
				PRODUCT_NAME = "$(TARGET_NAME)";
			};
			name = Release;
		};
		4E814EE81F63E7FB0025AF0A /* Debug */ = {
			isa = XCBuildConfiguration;
			baseConfigurationReference = 7ACB45DD2D52A69932A7D746 /* Pods-MoviesProjectTests.debug.xcconfig */;
			buildSettings = {
				BUNDLE_LOADER = "$(TEST_HOST)";
				INFOPLIST_FILE = MoviesProjectTests/Info.plist;
				LD_RUNPATH_SEARCH_PATHS = "$(inherited) @executable_path/Frameworks @loader_path/Frameworks";
				PRODUCT_BUNDLE_IDENTIFIER = Iti.MoviesProjectTests;
				PRODUCT_NAME = "$(TARGET_NAME)";
				TEST_HOST = "$(BUILT_PRODUCTS_DIR)/MoviesProject.app/MoviesProject";
			};
			name = Debug;
		};
		4E814EE91F63E7FB0025AF0A /* Release */ = {
			isa = XCBuildConfiguration;
			baseConfigurationReference = 883DB17B87F259D0C044EE1A /* Pods-MoviesProjectTests.release.xcconfig */;
			buildSettings = {
				BUNDLE_LOADER = "$(TEST_HOST)";
				INFOPLIST_FILE = MoviesProjectTests/Info.plist;
				LD_RUNPATH_SEARCH_PATHS = "$(inherited) @executable_path/Frameworks @loader_path/Frameworks";
				PRODUCT_BUNDLE_IDENTIFIER = Iti.MoviesProjectTests;
				PRODUCT_NAME = "$(TARGET_NAME)";
				TEST_HOST = "$(BUILT_PRODUCTS_DIR)/MoviesProject.app/MoviesProject";
			};
			name = Release;
		};
		4E814EEB1F63E7FB0025AF0A /* Debug */ = {
			isa = XCBuildConfiguration;
			baseConfigurationReference = 88FC7CC0D48A32A2D78348DF /* Pods-MoviesProjectUITests.debug.xcconfig */;
			buildSettings = {
				INFOPLIST_FILE = MoviesProjectUITests/Info.plist;
				LD_RUNPATH_SEARCH_PATHS = "$(inherited) @executable_path/Frameworks @loader_path/Frameworks";
				PRODUCT_BUNDLE_IDENTIFIER = Iti.MoviesProjectUITests;
				PRODUCT_NAME = "$(TARGET_NAME)";
				TEST_TARGET_NAME = MoviesProject;
			};
			name = Debug;
		};
		4E814EEC1F63E7FB0025AF0A /* Release */ = {
			isa = XCBuildConfiguration;
			baseConfigurationReference = C3B84CB696BDB2DB1447B577 /* Pods-MoviesProjectUITests.release.xcconfig */;
			buildSettings = {
				INFOPLIST_FILE = MoviesProjectUITests/Info.plist;
				LD_RUNPATH_SEARCH_PATHS = "$(inherited) @executable_path/Frameworks @loader_path/Frameworks";
				PRODUCT_BUNDLE_IDENTIFIER = Iti.MoviesProjectUITests;
				PRODUCT_NAME = "$(TARGET_NAME)";
				TEST_TARGET_NAME = MoviesProject;
			};
			name = Release;
		};
/* End XCBuildConfiguration section */

/* Begin XCConfigurationList section */
		4E814EB21F63E7FB0025AF0A /* Build configuration list for PBXProject "MoviesProject" */ = {
			isa = XCConfigurationList;
			buildConfigurations = (
				4E814EE21F63E7FB0025AF0A /* Debug */,
				4E814EE31F63E7FB0025AF0A /* Release */,
			);
			defaultConfigurationIsVisible = 0;
			defaultConfigurationName = Release;
		};
		4E814EE41F63E7FB0025AF0A /* Build configuration list for PBXNativeTarget "MoviesProject" */ = {
			isa = XCConfigurationList;
			buildConfigurations = (
				4E814EE51F63E7FB0025AF0A /* Debug */,
				4E814EE61F63E7FB0025AF0A /* Release */,
			);
			defaultConfigurationIsVisible = 0;
			defaultConfigurationName = Release;
		};
		4E814EE71F63E7FB0025AF0A /* Build configuration list for PBXNativeTarget "MoviesProjectTests" */ = {
			isa = XCConfigurationList;
			buildConfigurations = (
				4E814EE81F63E7FB0025AF0A /* Debug */,
				4E814EE91F63E7FB0025AF0A /* Release */,
			);
			defaultConfigurationIsVisible = 0;
			defaultConfigurationName = Release;
		};
		4E814EEA1F63E7FB0025AF0A /* Build configuration list for PBXNativeTarget "MoviesProjectUITests" */ = {
			isa = XCConfigurationList;
			buildConfigurations = (
				4E814EEB1F63E7FB0025AF0A /* Debug */,
				4E814EEC1F63E7FB0025AF0A /* Release */,
			);
			defaultConfigurationIsVisible = 0;
			defaultConfigurationName = Release;
		};
/* End XCConfigurationList section */
	};
	rootObject = 4E814EAF1F63E7FB0025AF0A /* Project object */;
}
